{
  "name": "sample-ecommerce-api",
  "version": "1.0.0",
  "lockfileVersion": 1,
  "requires": true,
  "dependencies": {
    "uWebSockets.js": {
      "version": "github:uNetworking/uWebSockets.js#f54d0b45d1d9924d2562fd8f6f59cbca2bcbcc2c",
      "from": "github:uNetworking/uWebSockets.js#v17.3.0"
    }
  }
}
