{
  "name": "sample-ecommerce-api",
  "version": "1.0.0",
  "lockfileVersion": 1,
  "requires": true,
  "dependencies": {
    "uWebSockets.js": {
      "version": "git+https://github.com/uNetworking/uWebSockets.js.git#f54d0b45d1d9924d2562fd8f6f59cbca2bcbcc2c",
      "from": "git+https://github.com/uNetworking/uWebSockets.js.git#v17.3.0"
    }
  }
}
